{
  "originHash" : "cb014fc51bed28af4504b639ef7dbfc6af0f3ad0dbd6263b8a425d47190063b5",
  "pins" : [
    {
      "identity" : "skylight-bridge-ios",
      "kind" : "remoteSourceControl",
      "location" : "https://github.com/oliverames/skylight-bridge-ios.git",
      "state" : {
        "revision" : "448ee088fdf06247439246ee6ec33dafccb7b607",
        "version" : "0.1.8"
      }
    },
    {
      "identity" : "sparkle",
      "kind" : "remoteSourceControl",
      "location" : "https://github.com/sparkle-project/Sparkle",
      "state" : {
        "revision" : "ac2def288cbff5cfc7df3ffef6abdf45b72bcb0a",
        "version" : "2.9.6"
      }
    }
  ],
  "version" : 3
}
